
Microsoft Visual Studio Solution File, Format Version 12.00
# Visual Studio Version 17
VisualStudioVersion = 17.3.32611.2
MinimumVisualStudioVersion = 10.0.40219.1
Project("{FAE04EC0-301F-11D3-BF4B-00C04F79EFBC}") = "TelegramNotiBot", "TelegramNotiBot\TelegramNotiBot.csproj", "{F3562A7D-A81E-4F8D-893B-FE4D67A48B63}"
EndProject
Project("{FAE04EC0-301F-11D3-BF4B-00C04F79EFBC}") = "TelegramNotiBot.ConsoleTests", "TelegramNotiBot.Tests\TelegramNotiBot.ConsoleTests.csproj", "{C45A467D-12EB-45E7-A117-736C0EADC8C8}"
EndProject
Global
	GlobalSection(SolutionConfigurationPlatforms) = preSolution
		Debug|Any CPU = Debug|Any CPU
		Release|Any CPU = Release|Any CPU
	EndGlobalSection
	GlobalSection(ProjectConfigurationPlatforms) = postSolution
		{F3562A7D-A81E-4F8D-893B-FE4D67A48B63}.Debug|Any CPU.ActiveCfg = Debug|Any CPU
		{F3562A7D-A81E-4F8D-893B-FE4D67A48B63}.Debug|Any CPU.Build.0 = Debug|Any CPU
		{F3562A7D-A81E-4F8D-893B-FE4D67A48B63}.Release|Any CPU.ActiveCfg = Release|Any CPU
		{F3562A7D-A81E-4F8D-893B-FE4D67A48B63}.Release|Any CPU.Build.0 = Release|Any CPU
		{C45A467D-12EB-45E7-A117-736C0EADC8C8}.Debug|Any CPU.ActiveCfg = Debug|Any CPU
		{C45A467D-12EB-45E7-A117-736C0EADC8C8}.Debug|Any CPU.Build.0 = Debug|Any CPU
		{C45A467D-12EB-45E7-A117-736C0EADC8C8}.Release|Any CPU.ActiveCfg = Release|Any CPU
		{C45A467D-12EB-45E7-A117-736C0EADC8C8}.Release|Any CPU.Build.0 = Release|Any CPU
	EndGlobalSection
	GlobalSection(SolutionProperties) = preSolution
		HideSolutionNode = FALSE
	EndGlobalSection
	GlobalSection(ExtensibilityGlobals) = postSolution
		SolutionGuid = {5FB98EAA-2591-4237-AEB2-81D723590D46}
	EndGlobalSection
EndGlobal
